
Microsoft Visual Studio Solution File, Format Version 12.00
# Visual Studio Version 16
VisualStudioVersion = 16.0.31729.503
MinimumVisualStudioVersion = 10.0.40219.1
Project("{FAE04EC0-301F-11D3-BF4B-00C04F79EFBC}") = "LearningDotNet", "LearningDotNet\LearningDotNet.csproj", "{868764F3-F950-4067-B2FC-9E1D59A6ECBC}"
EndProject
Global
	GlobalSection(SolutionConfigurationPlatforms) = preSolution
		Debug|Any CPU = Debug|Any CPU
		Release|Any CPU = Release|Any CPU
	EndGlobalSection
	GlobalSection(ProjectConfigurationPlatforms) = postSolution
		{868764F3-F950-4067-B2FC-9E1D59A6ECBC}.Debug|Any CPU.ActiveCfg = Debug|Any CPU
		{868764F3-F950-4067-B2FC-9E1D59A6ECBC}.Debug|Any CPU.Build.0 = Debug|Any CPU
		{868764F3-F950-4067-B2FC-9E1D59A6ECBC}.Release|Any CPU.ActiveCfg = Release|Any CPU
		{868764F3-F950-4067-B2FC-9E1D59A6ECBC}.Release|Any CPU.Build.0 = Release|Any CPU
	EndGlobalSection
	GlobalSection(SolutionProperties) = preSolution
		HideSolutionNode = FALSE
	EndGlobalSection
	GlobalSection(ExtensibilityGlobals) = postSolution
		SolutionGuid = {45F0BE43-8D39-48DD-85DF-BC07EE9A8EBC}
	EndGlobalSection
EndGlobal
